# This file was autogenerated by Stack.
# You should not edit this file by hand.
# For more information, please see the documentation at:
#   https://docs.haskellstack.org/en/stable/lock_files

packages:
- completed:
    hackage: data-flags-0.0.3.4@sha256:a133f2912e0e22f03419dc89a04b1e117ff6290f1777f5b7f037f683b80ed2cf,1097
    pantry-tree:
      size: 383
      sha256: fabce261d22601659cc3aeab1d5bb8f918dd3f8a8b01a8b9c483a08113a2535a
  original:
    hackage: data-flags-0.0.3.4@sha256:a133f2912e0e22f03419dc89a04b1e117ff6290f1777f5b7f037f683b80ed2cf,1097
- completed:
    hackage: df1-0.4@sha256:b430ee7e0abda6ce9ef03b9fbe532a7384e6de1b4873357cc116db9f614ce398,1104
    pantry-tree:
      size: 531
      sha256: 1685f225d30b6291d67d96467d374b2e727d7c0877d7ea7724fd80d331130485
  original:
    hackage: df1-0.4@sha256:b430ee7e0abda6ce9ef03b9fbe532a7384e6de1b4873357cc116db9f614ce398,1104
- completed:
    hackage: di-1.3@sha256:8e630a6ac40f234fbd39627841d3cfd3800e2189b63c1ee01cf5290eb0138131,1129
    pantry-tree:
      size: 301
      sha256: 2ca42593a5e4afd8e9ce2485488e006e95a371ff7a6f9f352bbc1a7dd81de32d
  original:
    hackage: di-1.3@sha256:8e630a6ac40f234fbd39627841d3cfd3800e2189b63c1ee01cf5290eb0138131,1129
- completed:
    hackage: di-polysemy-0.2.0.0@sha256:9da81102b7e5b2782e4f7194189cde552f042c94ac875ef8f542f6620035f885,2160
    pantry-tree:
      size: 320
      sha256: 103285358a5c2430e3fadd2c35ab285536c05164db1b78ed7155e9ef2e3fae42
  original:
    hackage: di-polysemy-0.2.0.0@sha256:9da81102b7e5b2782e4f7194189cde552f042c94ac875ef8f542f6620035f885,2160
- completed:
    hackage: generic-override-0.0.0.0@sha256:4022243b06e2f225a5d09c54e26a3f545f6bc5cce07a7a8267d10fa64344a189,924
    pantry-tree:
      size: 389
      sha256: a5faf528b3536c92314f12eeba87a9e53bec30ac0738f3b1956d1e21e6647261
  original:
    hackage: generic-override-0.0.0.0@sha256:4022243b06e2f225a5d09c54e26a3f545f6bc5cce07a7a8267d10fa64344a189,924
- completed:
    hackage: generic-override-aeson-0.0.0.0@sha256:b36feb72bf33b8c93e75faac7ea99bbebfec5a22c1259d844706fd03fe71b34e,1446
    pantry-tree:
      size: 301
      sha256: 170c425ee5ed0a520e638c24d9409e6595c7c2dd7c6032c1394eb9fe9c974de6
  original:
    hackage: generic-override-aeson-0.0.0.0@sha256:b36feb72bf33b8c93e75faac7ea99bbebfec5a22c1259d844706fd03fe71b34e,1446
- completed:
    hackage: stm-containers-1.1.0.4@sha256:f83a683357b6e3b1dda3e70d2077a37224ed534df1f74c4e11f3f6daa7945c5b,3248
    pantry-tree:
      size: 761
      sha256: 059c5a2d657d392aca0a887648f57380d6321734dc8879c056a44d4414308ac6
  original:
    hackage: stm-containers-1.1.0.4@sha256:f83a683357b6e3b1dda3e70d2077a37224ed534df1f74c4e11f3f6daa7945c5b,3248
- completed:
    hackage: aeson-1.4.7.1@sha256:6d8d2fd959b7122a1df9389cf4eca30420a053d67289f92cdc0dbc0dab3530ba,7098
    pantry-tree:
      size: 40133
      sha256: caa9306e519c601ab0170d113daa03c1163db53e5466be2968bbd61a771bebcb
  original:
    hackage: aeson-1.4.7.1@sha256:6d8d2fd959b7122a1df9389cf4eca30420a053d67289f92cdc0dbc0dab3530ba,7098
- completed:
    hackage: di-df1-1.2.1@sha256:6be994f4d6acc4e9b498af00367d09e71fe6da42c6c2eb947ab49e19a6ba6e15,999
    pantry-tree:
      size: 424
      sha256: 5fd50fb50650ea9cda045ae0ae24f7de40b4cfccb9a91e5943dd5adf222991aa
  original:
    hackage: di-df1-1.2.1@sha256:6be994f4d6acc4e9b498af00367d09e71fe6da42c6c2eb947ab49e19a6ba6e15,999
- completed:
    hackage: di-handle-1.0.1@sha256:642ce26cc3b166e14782fb3d3acc4a15533e1021bcd6712704531f71c9483d24,720
    pantry-tree:
      size: 315
      sha256: f7612ded0cfa16bc04acf45d66cab4cbb3546ebfad816e69e91a768fa32ad7f9
  original:
    hackage: di-handle-1.0.1@sha256:642ce26cc3b166e14782fb3d3acc4a15533e1021bcd6712704531f71c9483d24,720
- completed:
    hackage: ghc-tcplugins-extra-0.3.2@sha256:1bbfd4449c3669a31618ea0ebc5d00d980a53988daad3b6218bab5c8cdff268d,1687
    pantry-tree:
      size: 331
      sha256: 4b16989344380c912e476dc232cc58264837b498e31a8bf16a17092ba6c1cfb9
  original:
    hackage: ghc-tcplugins-extra-0.3.2@sha256:1bbfd4449c3669a31618ea0ebc5d00d980a53988daad3b6218bab5c8cdff268d,1687
- completed:
    hackage: stm-hamt-1.2.0.4@sha256:7957497c022554b7599e790696d1a3e56359ad99e5da36a251894c626ca1f60a,3970
    pantry-tree:
      size: 1009
      sha256: d9a8be48da86bd4a2ba9d52ea29b9a74f1b686d439ba1bbfba04ab1a002391da
  original:
    hackage: stm-hamt-1.2.0.4@sha256:7957497c022554b7599e790696d1a3e56359ad99e5da36a251894c626ca1f60a,3970
- completed:
    hackage: primitive-extras-0.8@sha256:fca0310150496867f5b9421fe1541ecda87fae17eae44885a29f9c52dd00c8ff,2963
    pantry-tree:
      size: 1105
      sha256: e7c1d26202b80d1fca2ef780ec7fe76ede1275f4d9a996c6d44c08d8de1c45db
  original:
    hackage: primitive-extras-0.8@sha256:fca0310150496867f5b9421fe1541ecda87fae17eae44885a29f9c52dd00c8ff,2963
- completed:
    hackage: primitive-unlifted-0.1.3.0@sha256:a98f827740f5dcf097d885b3a47c32f4462204449620abc9d51b8c4f8619f9e6,1427
    pantry-tree:
      size: 420
      sha256: c882dca2a96b98d02b0d21875b651edb11ac67d90e736c0de7a92c410a19eb7f
  original:
    hackage: primitive-unlifted-0.1.3.0@sha256:a98f827740f5dcf097d885b3a47c32f4462204449620abc9d51b8c4f8619f9e6,1427
- completed:
    hackage: dependent-map-0.4.0.0@sha256:ca2b131046f4340a1c35d138c5a003fe4a5be96b14efc26291ed35fd08c62221,1657
    pantry-tree:
      size: 551
      sha256: 5defa30010904d2ad05a036f3eaf83793506717c93cbeb599f40db1a3632cfc5
  original:
    hackage: dependent-map-0.4.0.0@sha256:ca2b131046f4340a1c35d138c5a003fe4a5be96b14efc26291ed35fd08c62221,1657
- completed:
    hackage: dependent-sum-0.7.1.0@sha256:5599aa89637db434431b1dd3fa7c34bc3d565ee44f0519bfbc877be1927c2531,2068
    pantry-tree:
      size: 290
      sha256: 9cbfb32b5a8a782b7a1c941803fd517633cb699159b851c1d82267a9e9391b50
  original:
    hackage: dependent-sum-0.7.1.0@sha256:5599aa89637db434431b1dd3fa7c34bc3d565ee44f0519bfbc877be1927c2531,2068
- completed:
    hackage: constraints-extras-0.3.0.2@sha256:013b8d0392582c6ca068e226718a4fe8be8e22321cc0634f6115505bf377ad26,1853
    pantry-tree:
      size: 594
      sha256: 3ce1012bfb02e4d7def9df19ce80b8cd2b472c691b25b181d9960638673fecd1
  original:
    hackage: constraints-extras-0.3.0.2@sha256:013b8d0392582c6ca068e226718a4fe8be8e22321cc0634f6115505bf377ad26,1853
- completed:
    hackage: data-default-instances-base-0.1.0.1@sha256:985a13d7103e45a65f06f277b735ef025636014f0d29dd6de998bc7628e09be9,509
    pantry-tree:
      size: 242
      sha256: 92969ddf22c5f54123fb2bcfbe5917b59a7e6382473b0306bcd8fb7990d9aa1a
  original:
    hackage: data-default-instances-base-0.1.0.1@sha256:985a13d7103e45a65f06f277b735ef025636014f0d29dd6de998bc7628e09be9,509
- completed:
    hackage: unboxing-vector-0.2.0.0@sha256:a8f8ddab08d16cd4051fb1febb06aaaa54d211b50001664c06282cfdcb97bab0,3768
    pantry-tree:
      size: 1349
      sha256: e0dbf018cae082041160d633263a6e33ffd861fe6813675f3cb0f08b96ad458e
  original:
    hackage: unboxing-vector-0.2.0.0@sha256:a8f8ddab08d16cd4051fb1febb06aaaa54d211b50001664c06282cfdcb97bab0,3768
- completed:
    hackage: th-abstraction-0.3.2.0@sha256:9b5b4e6e2bbff9b075ad7751ee98e2107090bd17b51d5442695b8990e4db6521,1851
    pantry-tree:
      size: 583
      sha256: 21e260e558db166dc70f3002e7a0d22dd57d0b9e7842dd9de5e2f9f887e1275e
  original:
    hackage: th-abstraction-0.3.2.0@sha256:9b5b4e6e2bbff9b075ad7751ee98e2107090bd17b51d5442695b8990e4db6521,1851
- completed:
    hackage: Cabal-3.0.2.0@sha256:f45ee078a8529d1ad3993767345ac83304c7f2ff5eec02c455a1dc200ad22c67,26714
    pantry-tree:
      size: 40207
      sha256: 653461a4e58b10a6ef9d6ed5e07b1f8839ed46b4673133ecbe3899a48d6b983b
  original:
    hackage: Cabal-3.0.2.0@sha256:f45ee078a8529d1ad3993767345ac83304c7f2ff5eec02c455a1dc200ad22c67,26714
- completed:
    hackage: bifunctors-5.5.7@sha256:19d907460f166ade334e9d85d7c0bcc58b57da5e8f802b28bba6d8d81fd3ee70,3554
    pantry-tree:
      size: 1755
      sha256: 3bc25973f9af147725390318a2591a69832db833132b6479eff4d9299fcaef1a
  original:
    hackage: bifunctors-5.5.7
- completed:
    hackage: free-5.1.3@sha256:604c27b6ba0a560c8a1377ad76e5bbb8528e924d6b0590215d815faddbec0b70,4165
    pantry-tree:
      size: 3362
      sha256: ceaac95eb18e8d1f232694a2f6936867bc71f8888d43b0a4d3f0649054314298
  original:
    hackage: free-5.1.3
- completed:
    hackage: semigroupoids-5.3.4@sha256:120873dfa8084ec92745c766336e90d648c347ab99ce55329d5af36dbd3732ba,7596
    pantry-tree:
      size: 1990
      sha256: 2b3db5fbe5f68fc52532e4fa988d01d69c8845c49714c9c31a47309baa1df836
  original:
    hackage: semigroupoids-5.3.4
- completed:
    hackage: invariant-0.5.3@sha256:5b74af0b909c44b17298a9c04bcd0aea030f36a869da9112b103890f3aa2516f,3323
    pantry-tree:
      size: 650
      sha256: 40f1a8e80dce0016c9373ad2e491d8c0c14f6f447ffaee7b614950c36596d403
  original:
    hackage: invariant-0.5.3
- completed:
    hackage: polysemy-1.4.0.0@sha256:0245a046eaf936557d4208b5a355df1a20799c9e274f91fa889ab2644ecbabae,6541
    pantry-tree:
      size: 4379
      sha256: babfd86f145bc6017f7b8c20e46266ab3a3bb5d5d415d8cf651036b11e57465a
  original:
    hackage: polysemy-1.4.0.0
- completed:
    hackage: polysemy-plugin-0.2.5.2@sha256:649cea55749c38af841e9f3750ccf65be351e597f3085234e28e3491e78d1f78,3155
    pantry-tree:
      size: 1162
      sha256: 20b462f8095a8108ef4d920f0d494ba1299821403ad30169168f4b1968b06c2a
  original:
    hackage: polysemy-plugin-0.2.5.2
snapshots:
- completed:
    size: 562051
    url: https://raw.githubusercontent.com/commercialhaskell/stackage-snapshots/master/nightly/2021/1/5.yaml
    sha256: be105362ec57d665ea17fa574ab195c49bb1f9a5bd9016174ef83cd368fba253
  original: nightly-2021-01-05
