# This file was autogenerated by Stack.
# You should not edit this file by hand.
# For more information, please see the documentation at:
#   https://docs.haskellstack.org/en/stable/lock_files

packages:
- completed:
    hackage: df1-0.3.2@sha256:2096eb43c090a80a8414aad692708ab7cfbdd9dc839d15379c20ce8a5549c0f6,1106
    pantry-tree:
      size: 531
      sha256: ce6efb7aaffdabf984509241a7cae43ec861e8b0e1f3fe0e590321b853d71b17
  original:
    hackage: df1-0.3.2@sha256:2096eb43c090a80a8414aad692708ab7cfbdd9dc839d15379c20ce8a5549c0f6,1106
- completed:
    hackage: di-df1-1.2@sha256:0764003cd635d3dace95ab935323976faa6443441be8e5341194436c12a574f7,997
    pantry-tree:
      size: 424
      sha256: 5cd4714eb11434cb17223f3b73f151a0237f10be42acef260d412d392f52a359
  original:
    hackage: di-df1-1.2@sha256:0764003cd635d3dace95ab935323976faa6443441be8e5341194436c12a574f7,997
- completed:
    hackage: di-handle-1.0.1@sha256:642ce26cc3b166e14782fb3d3acc4a15533e1021bcd6712704531f71c9483d24,720
    pantry-tree:
      size: 315
      sha256: f7612ded0cfa16bc04acf45d66cab4cbb3546ebfad816e69e91a768fa32ad7f9
  original:
    hackage: di-handle-1.0.1@sha256:642ce26cc3b166e14782fb3d3acc4a15533e1021bcd6712704531f71c9483d24,720
- completed:
    hackage: polysemy-1.3.0.0@sha256:2254c11bed4f6e4b115fa470f396f9df4c7d2d3431b02bdbde962300d6892bf1,5919
    pantry-tree:
      size: 4309
      sha256: 9ceaa319958ba5a811d564584595f5fa0bc3656b085843f7c0b6d699c2dd3e90
  original:
    hackage: polysemy-1.3.0.0@sha256:2254c11bed4f6e4b115fa470f396f9df4c7d2d3431b02bdbde962300d6892bf1,5919
- completed:
    hackage: polysemy-plugin-0.2.5.0@sha256:67e30be568a141b852aace1a60e180cb5060fbb2835365a81a3ea779536d6d35,2952
    pantry-tree:
      size: 1232
      sha256: 5c90dac2eba48b4e337b302347c233ecaedb63e333641e094e718a548ac86711
  original:
    hackage: polysemy-plugin-0.2.5.0
- completed:
    hackage: typerep-map-0.3.2@sha256:3a3c3dfcc6f6bbd34ade3cb266cc9bfd9ff919d415b2887575ee7c96d51d5e0c,4841
    pantry-tree:
      size: 1476
      sha256: ede62df08b8df86ee2199ef498f627e8b8e8a68e9face43832130fa467556338
  original:
    hackage: typerep-map-0.3.2
- completed:
    hackage: text-show-3.8.2@sha256:2feb84d82b62542febdf4ec5b856280c0f99e06761f7c9a07883624fa378a619,17094
    pantry-tree:
      size: 12862
      sha256: d7e3dab1e0209f0c39da127b134b406ca8c3af308a9419bf2640bcd595ca1dff
  original:
    hackage: text-show-3.8.2
- completed:
    hackage: stm-containers-1.1.0.4@sha256:f83a683357b6e3b1dda3e70d2077a37224ed534df1f74c4e11f3f6daa7945c5b,3248
    pantry-tree:
      size: 761
      sha256: 059c5a2d657d392aca0a887648f57380d6321734dc8879c056a44d4414308ac6
  original:
    hackage: stm-containers-1.1.0.4
- completed:
    hackage: stm-hamt-1.2.0.2@sha256:18126db7bf2d9c967a6020c677b3005dd957a4c39d69aeaea3c29c90de8f6124,3972
    pantry-tree:
      size: 1009
      sha256: ef426797655d6b4b9238b1200c4129d44e91f996f26b92a035b1333b8b8a6f62
  original:
    hackage: stm-hamt-1.2.0.2
- completed:
    hackage: primitive-extras-0.7.1@sha256:23905c57089418b1a2d324cfee3e81bbd5a344a0fa56a827867b2dce275fdb5e,2945
    pantry-tree:
      size: 1181
      sha256: f788dae21ca4f0d0377d97a5ba7fd008d4b0af8991a745f94c29f2caa11dc6bd
  original:
    hackage: primitive-extras-0.7.1
- completed:
    hackage: type-level-0.3.0@sha256:582b33e72c8e9f40df856eb2fb5c695a40dbd98571daaaff453c51dd31e87017,2499
    pantry-tree:
      size: 759
      sha256: 5877101c53cedf7b33ae073ada51e4b9efe7e428d934671f00c1d83e1b9e88ce
  original:
    hackage: type-level-0.3.0
- completed:
    hackage: ekg-0.4.0.15@sha256:f35b2c6d80415314f84056afaba6e622bf8d90eb01d0504c87f04c64cb105e04,2030
    pantry-tree:
      size: 1495
      sha256: f9f8f92d73fd4cc8efe37b5a3db009a8c195e590ab9f7d680582ca253123ab3a
  original:
    hackage: ekg-0.4.0.15
- completed:
    hackage: ekg-json-0.1.0.6@sha256:4ff2e9cac213a5868ae8b4a7c72a16a9a76fac14d944ae819b3d838a9725569b,1050
    pantry-tree:
      size: 265
      sha256: 77dde8082700d78a353b7e476e4457aaa41acf62b1b60dbdbb450dfd553cf9b5
  original:
    hackage: ekg-json-0.1.0.6
- completed:
    hackage: data-default-extra-0.1.0@sha256:93923f4b1678ee70888eae2ba5fc89cfd9748a2a9d64923cc1f827415543435a,5395
    pantry-tree:
      size: 391
      sha256: c75856a7a260644b86dc4d3a037ea62b01ab45d05f178ef4509565e068eb1df0
  original:
    hackage: data-default-extra-0.1.0
- completed:
    hackage: data-default-instances-bytestring-0.0.1@sha256:592075c7d9f5bde9fe98d31dd2b7412cdb4bb29158b49bee04379fe0895aed3e,2438
    pantry-tree:
      size: 359
      sha256: 0fc29775b358a74b79941ad5d19d39a72459412eee5d0ad6b75fe4552a534612
  original:
    hackage: data-default-instances-bytestring-0.0.1
- completed:
    hackage: data-default-instances-case-insensitive-0.0.1@sha256:45a89ccc5e4e6dbca37c7c0826c1f1c75d774d49afa9ce94f0412edee53f1371,1757
    pantry-tree:
      size: 370
      sha256: 21acad342cfd546e0a2352f7b60abb0a677060d807845d4d2eed20f4588e7c6c
  original:
    hackage: data-default-instances-case-insensitive-0.0.1
- completed:
    hackage: data-default-instances-new-base-0.0.2@sha256:1f90fe762c978f9fd0fcbf6d4cb6cd191d261e25acf9308505b3444aef8c079f,3227
    pantry-tree:
      size: 355
      sha256: e7c1497196ceceb7916c5077af62fdbe0399aec5662927d371211105b51c6be6
  original:
    hackage: data-default-instances-new-base-0.0.2
- completed:
    hackage: data-default-instances-text-0.0.1@sha256:5a8acbe0d420430c2cc2dc7865fa69d179c9ad43dda47aefcc6560fed72e2204,2121
    pantry-tree:
      size: 347
      sha256: 6220e4ea21f4df8cae8936626ac08bd43bec1e983d833a5234a36b95281e01f9
  original:
    hackage: data-default-instances-text-0.0.1
- completed:
    hackage: data-default-instances-unordered-containers-0.0.1@sha256:fc2e79e605ef4fd67f222d11f43aaed40fbc08e3ca421cd29f5982a391f90ebe,1757
    pantry-tree:
      size: 378
      sha256: 5e2b496e696d5ea3abe7011386fcb8ddb24f9affa4e34feea2665a91581624f5
  original:
    hackage: data-default-instances-unordered-containers-0.0.1
- completed:
    hackage: data-default-instances-vector-0.0.1@sha256:8a78beb491235231802c98fb1a58fea519359be1c9374b9f08d37feed34a385e,1791
    pantry-tree:
      size: 351
      sha256: 1535e9e996894b238b51a272045bde55c8d4a294cd87b1deb23e3d28fc15b632
  original:
    hackage: data-default-instances-vector-0.0.1
- completed:
    hackage: http-client-0.6.4@sha256:a74b417345857d4250bdb6d4ac7fd4a89fd2ad8efab3164c1a2b843398d5c13a,5320
    pantry-tree:
      size: 2457
      sha256: fe331314b0a8d9e8ce445405831b6e802ab99d57cab1f4d265910cfcd68d3153
  original:
    hackage: http-client-0.6.4@sha256:a74b417345857d4250bdb6d4ac7fd4a89fd2ad8efab3164c1a2b843398d5c13a,5320
- completed:
    hackage: generic-lens-1.2.0.1@sha256:faecffd513340cd570866aa8f3e0e139d3f9240ecd3eb766357cdf47f550004c,6550
    pantry-tree:
      size: 4315
      sha256: ea2099153bc65265915f206f08d25eed0d21270412505ea6470665df74b7f5ec
  original:
    hackage: generic-lens-1.2.0.1@sha256:faecffd513340cd570866aa8f3e0e139d3f9240ecd3eb766357cdf47f550004c,6550
- completed:
    hackage: lens-aeson-1.1@sha256:5e1c19729fc4cdeb6137390972f3b551423bb6be33a7adbc2fb6accdc9f27903,2210
    pantry-tree:
      size: 809
      sha256: fd35b6b587e95d48a4074988410c72c9f86d0b4a674a911eb6cbe2f0a3e50506
  original:
    hackage: lens-aeson-1.1@sha256:5e1c19729fc4cdeb6137390972f3b551423bb6be33a7adbc2fb6accdc9f27903,2210
- completed:
    hackage: streamly-0.7.0@sha256:2a510275b3a41f1e50d8f45f8dac879933139652509dd6cd98b69a5d24e9c55d,31563
    pantry-tree:
      size: 9000
      sha256: bf550621b3b9b13f0f4af4970d207483e6617cde09af37c2a64c90a2dbc6925c
  original:
    hackage: streamly-0.7.0@sha256:2a510275b3a41f1e50d8f45f8dac879933139652509dd6cd98b69a5d24e9c55d,31563
- completed:
    size: 9294
    url: https://github.com/nitros12/concurrent-state/archive/9be5124aec9ccf2925638afd1bb04f36121600a1.tar.gz
    cabal-file:
      size: 1940
      sha256: a76433584af745847b3879a9d9ca116854029ac40f0aefdb957dba33e1178fcc
    name: concurrent-state
    version: 0.6.0.0
    sha256: 894fc6b1c00e7bca0089552019e41c63156cc0a965997eba023f40a1d2331b75
    pantry-tree:
      size: 1131
      sha256: e674c5ff888761cdc4bb7abb42990ec4b22fa77f91e8c01e4a1a1ddc869878e5
  original:
    size: 9294
    url: https://github.com/nitros12/concurrent-state/archive/9be5124aec9ccf2925638afd1bb04f36121600a1.tar.gz
    cabal-file:
      size: 1940
      sha256: a76433584af745847b3879a9d9ca116854029ac40f0aefdb957dba33e1178fcc
    sha256: 894fc6b1c00e7bca0089552019e41c63156cc0a965997eba023f40a1d2331b75
    pantry-tree:
      size: 1131
      sha256: e674c5ff888761cdc4bb7abb42990ec4b22fa77f91e8c01e4a1a1ddc869878e5
- completed:
    size: 129361
    url: https://github.com/nitros12/wreq/archive/f8f2d8d571f76b2df2cec73a08e29519fa681d7b.tar.gz
    cabal-file:
      size: 5317
      sha256: b8bfaa1a38fdfcffa92d842d83392f91a9299e3f94b70eb7719eac1527a563b0
    name: wreq
    version: 0.5.3.2
    sha256: 9d9949599155cff09ac5bb83042b4256f8d9572ee7693dbab6c93a8635d45cdc
    pantry-tree:
      size: 2806
      sha256: 2c44570ca365b23dbb42533405c47fc175c8b223235f79536f524926f3eff006
  original:
    size: 129361
    url: https://github.com/nitros12/wreq/archive/f8f2d8d571f76b2df2cec73a08e29519fa681d7b.tar.gz
    sha256: 9d9949599155cff09ac5bb83042b4256f8d9572ee7693dbab6c93a8635d45cdc
- completed:
    size: 7818
    url: https://github.com/nitros12/di-polysemy/archive/6355b7998ebab46c4794ff27a92078abda60e9b1.tar.gz
    cabal-file:
      size: 2170
      sha256: f75444163e033d932a12327faabf94fe9a50d40aa71fc101ea272585a1350e65
    name: di-polysemy
    version: 0.0.1
    sha256: 6fa706f6f7250bc82c617e6e10927a12d34fcaac237582e4048f64c38d71c3e4
    pantry-tree:
      size: 526
      sha256: e716d85b7a7e979493ac1dd9e7a4e290165a9fb0bcf00ab502dd29df331777eb
  original:
    url: https://github.com/nitros12/di-polysemy/archive/6355b7998ebab46c4794ff27a92078abda60e9b1.tar.gz
snapshots:
- completed:
    size: 524996
    url: https://raw.githubusercontent.com/commercialhaskell/stackage-snapshots/master/lts/14/27.yaml
    sha256: 7ea31a280c56bf36ff591a7397cc384d0dff622e7f9e4225b47d8980f019a0f0
  original: lts-14.27
