# This file was autogenerated by Stack.
# You should not edit this file by hand.
# For more information, please see the documentation at:
#   https://docs.haskellstack.org/en/stable/lock_files

packages:
- completed:
    hackage: df1-0.3.2@sha256:2096eb43c090a80a8414aad692708ab7cfbdd9dc839d15379c20ce8a5549c0f6,1106
    pantry-tree:
      size: 531
      sha256: ce6efb7aaffdabf984509241a7cae43ec861e8b0e1f3fe0e590321b853d71b17
  original:
    hackage: df1-0.3.2@sha256:2096eb43c090a80a8414aad692708ab7cfbdd9dc839d15379c20ce8a5549c0f6,1106
- completed:
    hackage: di-df1-1.2@sha256:0764003cd635d3dace95ab935323976faa6443441be8e5341194436c12a574f7,997
    pantry-tree:
      size: 424
      sha256: 5cd4714eb11434cb17223f3b73f151a0237f10be42acef260d412d392f52a359
  original:
    hackage: di-df1-1.2@sha256:0764003cd635d3dace95ab935323976faa6443441be8e5341194436c12a574f7,997
- completed:
    hackage: di-handle-1.0.1@sha256:642ce26cc3b166e14782fb3d3acc4a15533e1021bcd6712704531f71c9483d24,720
    pantry-tree:
      size: 315
      sha256: f7612ded0cfa16bc04acf45d66cab4cbb3546ebfad816e69e91a768fa32ad7f9
  original:
    hackage: di-handle-1.0.1@sha256:642ce26cc3b166e14782fb3d3acc4a15533e1021bcd6712704531f71c9483d24,720
- completed:
    hackage: generic-lens-2.0.0.0@sha256:7409fa0ce540d0bd41acf596edd1c5d0c0ab1cd1294d514cf19c5c24e8ef2550,3866
    pantry-tree:
      size: 2470
      sha256: 46ba160f0efc9c805eac6666f298f48dda899834b68c860f63641ce1f82db737
  original:
    hackage: generic-lens-2.0.0.0@sha256:7409fa0ce540d0bd41acf596edd1c5d0c0ab1cd1294d514cf19c5c24e8ef2550,3866
- completed:
    hackage: generic-lens-core-2.0.0.0@sha256:40b063c4a1399b3cdb19f2df1fae5a1a82f3313015c7c3e47fc23b8ef1b3e443,2913
    pantry-tree:
      size: 2201
      sha256: 73f91636570c0e96044f655402ccbf6adba78d3a93f8d9ee97f3115bae096536
  original:
    hackage: generic-lens-core-2.0.0.0@sha256:40b063c4a1399b3cdb19f2df1fae5a1a82f3313015c7c3e47fc23b8ef1b3e443,2913
- completed:
    hackage: indexed-profunctors-0.1@sha256:ddf618d0d4c58319c1e735e746bc69a1021f13b6f475dc9614b80af03432e6d4,1016
    pantry-tree:
      size: 235
      sha256: cfd66c0a53be1b45eae72df112ea1158614458bb7b1c9cbbe3410b04ab011ec6
  original:
    hackage: indexed-profunctors-0.1@sha256:ddf618d0d4c58319c1e735e746bc69a1021f13b6f475dc9614b80af03432e6d4,1016
- completed:
    hackage: lens-4.19.1@sha256:6bbc0b145b037537d468b0810ea2a560beda999f89444fe4101061c7892cd596,15551
    pantry-tree:
      size: 8329
      sha256: f51cd6be482804001bf9868fe4a552d01a6c3a4e367c16bd3df0ad74b755ac2c
  original:
    hackage: lens-4.19.1@sha256:6bbc0b145b037537d468b0810ea2a560beda999f89444fe4101061c7892cd596,15551
- completed:
    hackage: lens-aeson-1.1@sha256:5e1c19729fc4cdeb6137390972f3b551423bb6be33a7adbc2fb6accdc9f27903,2210
    pantry-tree:
      size: 809
      sha256: fd35b6b587e95d48a4074988410c72c9f86d0b4a674a911eb6cbe2f0a3e50506
  original:
    hackage: lens-aeson-1.1@sha256:5e1c19729fc4cdeb6137390972f3b551423bb6be33a7adbc2fb6accdc9f27903,2210
- completed:
    hackage: polysemy-1.3.0.0@sha256:bf1d559c7e26e8a0ed31fc45d84635e329a4a31bfd39e713a39adf639bcbd309,6141
    pantry-tree:
      size: 4309
      sha256: 770af8c91981ccb8fe388ba62897fdf4eb394df433ab10def66d6e111b6f09f7
  original:
    hackage: polysemy-1.3.0.0@sha256:bf1d559c7e26e8a0ed31fc45d84635e329a4a31bfd39e713a39adf639bcbd309,6141
- completed:
    hackage: polysemy-plugin-0.2.5.0@sha256:67e30be568a141b852aace1a60e180cb5060fbb2835365a81a3ea779536d6d35,2952
    pantry-tree:
      size: 1232
      sha256: 5c90dac2eba48b4e337b302347c233ecaedb63e333641e094e718a548ac86711
  original:
    hackage: polysemy-plugin-0.2.5.0
- completed:
    hackage: stm-containers-1.1.0.4@sha256:f83a683357b6e3b1dda3e70d2077a37224ed534df1f74c4e11f3f6daa7945c5b,3248
    pantry-tree:
      size: 761
      sha256: 059c5a2d657d392aca0a887648f57380d6321734dc8879c056a44d4414308ac6
  original:
    hackage: stm-containers-1.1.0.4@sha256:f83a683357b6e3b1dda3e70d2077a37224ed534df1f74c4e11f3f6daa7945c5b,3248
- completed:
    hackage: stm-hamt-1.2.0.4@sha256:7957497c022554b7599e790696d1a3e56359ad99e5da36a251894c626ca1f60a,3970
    pantry-tree:
      size: 1009
      sha256: d9a8be48da86bd4a2ba9d52ea29b9a74f1b686d439ba1bbfba04ab1a002391da
  original:
    hackage: stm-hamt-1.2.0.4@sha256:7957497c022554b7599e790696d1a3e56359ad99e5da36a251894c626ca1f60a,3970
- completed:
    hackage: primitive-0.7.0.1@sha256:a381571c36edc7dca28b77fe8159b43c14c640087ec5946adacf949feec64231,3433
    pantry-tree:
      size: 3221
      sha256: fea4312bd404ad504e44a7fd933a3b3442c0a5e1c41bd8abec3c2e7282d88e18
  original:
    hackage: primitive-0.7.0.1@sha256:a381571c36edc7dca28b77fe8159b43c14c640087ec5946adacf949feec64231,3433
- completed:
    hackage: primitive-extras-0.8@sha256:fca0310150496867f5b9421fe1541ecda87fae17eae44885a29f9c52dd00c8ff,2963
    pantry-tree:
      size: 1105
      sha256: e7c1d26202b80d1fca2ef780ec7fe76ede1275f4d9a996c6d44c08d8de1c45db
  original:
    hackage: primitive-extras-0.8@sha256:fca0310150496867f5b9421fe1541ecda87fae17eae44885a29f9c52dd00c8ff,2963
- completed:
    hackage: primitive-unlifted-0.1.3.0@sha256:a98f827740f5dcf097d885b3a47c32f4462204449620abc9d51b8c4f8619f9e6,1427
    pantry-tree:
      size: 420
      sha256: c882dca2a96b98d02b0d21875b651edb11ac67d90e736c0de7a92c410a19eb7f
  original:
    hackage: primitive-unlifted-0.1.3.0@sha256:a98f827740f5dcf097d885b3a47c32f4462204449620abc9d51b8c4f8619f9e6,1427
- completed:
    size: 129361
    url: https://github.com/nitros12/wreq/archive/f8f2d8d571f76b2df2cec73a08e29519fa681d7b.tar.gz
    cabal-file:
      size: 5317
      sha256: b8bfaa1a38fdfcffa92d842d83392f91a9299e3f94b70eb7719eac1527a563b0
    name: wreq
    version: 0.5.3.2
    sha256: 9d9949599155cff09ac5bb83042b4256f8d9572ee7693dbab6c93a8635d45cdc
    pantry-tree:
      size: 2806
      sha256: 2c44570ca365b23dbb42533405c47fc175c8b223235f79536f524926f3eff006
  original:
    size: 129361
    url: https://github.com/nitros12/wreq/archive/f8f2d8d571f76b2df2cec73a08e29519fa681d7b.tar.gz
    sha256: 9d9949599155cff09ac5bb83042b4256f8d9572ee7693dbab6c93a8635d45cdc
- completed:
    size: 7818
    url: https://github.com/nitros12/di-polysemy/archive/6355b7998ebab46c4794ff27a92078abda60e9b1.tar.gz
    cabal-file:
      size: 2170
      sha256: f75444163e033d932a12327faabf94fe9a50d40aa71fc101ea272585a1350e65
    name: di-polysemy
    version: 0.0.1
    sha256: 6fa706f6f7250bc82c617e6e10927a12d34fcaac237582e4048f64c38d71c3e4
    pantry-tree:
      size: 526
      sha256: e716d85b7a7e979493ac1dd9e7a4e290165a9fb0bcf00ab502dd29df331777eb
  original:
    url: https://github.com/nitros12/di-polysemy/archive/6355b7998ebab46c4794ff27a92078abda60e9b1.tar.gz
snapshots:
- completed:
    size: 524996
    url: https://raw.githubusercontent.com/commercialhaskell/stackage-snapshots/master/lts/14/27.yaml
    sha256: 7ea31a280c56bf36ff591a7397cc384d0dff622e7f9e4225b47d8980f019a0f0
  original: lts-14.27
